// !$*UTF8*$!
{
	archiveVersion = 1;
	classes = {
	};
	objectVersion = 56;
	objects = {

/* Begin PBXBuildFile section */
		7C5FBAF62AFB453400E21D0E /* swift_ui_learningApp.swift in Sources */ = {isa = PBXBuildFile; fileRef = 7C5FBAF52AFB453400E21D0E /* swift_ui_learningApp.swift */; };
		7C5FBAF82AFB453400E21D0E /* ContentView.swift in Sources */ = {isa = PBXBuildFile; fileRef = 7C5FBAF72AFB453400E21D0E /* ContentView.swift */; };
		7C5FBAFA2AFB453700E21D0E /* Assets.xcassets in Resources */ = {isa = PBXBuildFile; fileRef = 7C5FBAF92AFB453700E21D0E /* Assets.xcassets */; };
		7C5FBAFD2AFB453700E21D0E /* Preview Assets.xcassets in Resources */ = {isa = PBXBuildFile; fileRef = 7C5FBAFC2AFB453700E21D0E /* Preview Assets.xcassets */; };
		7C5FBB042AFCA00100E21D0E /* UIColor+Extention.swift in Sources */ = {isa = PBXBuildFile; fileRef = 7C5FBB032AFCA00100E21D0E /* UIColor+Extention.swift */; };
		7C5FBB072AFCA2F400E21D0E /* YSDisplay-Bold.ttf in Resources */ = {isa = PBXBuildFile; fileRef = 7C5FBB052AFCA2F400E21D0E /* YSDisplay-Bold.ttf */; };
		7C5FBB082AFCA2F400E21D0E /* YSDisplay-Medium.ttf in Resources */ = {isa = PBXBuildFile; fileRef = 7C5FBB062AFCA2F400E21D0E /* YSDisplay-Medium.ttf */; };
/* End PBXBuildFile section */

/* Begin PBXFileReference section */
		7C5FBAF22AFB453400E21D0E /* swift_ui_learning.app */ = {isa = PBXFileReference; explicitFileType = wrapper.application; includeInIndex = 0; path = swift_ui_learning.app; sourceTree = BUILT_PRODUCTS_DIR; };
		7C5FBAF52AFB453400E21D0E /* swift_ui_learningApp.swift */ = {isa = PBXFileReference; lastKnownFileType = sourcecode.swift; path = swift_ui_learningApp.swift; sourceTree = "<group>"; };
		7C5FBAF72AFB453400E21D0E /* ContentView.swift */ = {isa = PBXFileReference; lastKnownFileType = sourcecode.swift; path = ContentView.swift; sourceTree = "<group>"; };
		7C5FBAF92AFB453700E21D0E /* Assets.xcassets */ = {isa = PBXFileReference; lastKnownFileType = folder.assetcatalog; path = Assets.xcassets; sourceTree = "<group>"; };
		7C5FBAFC2AFB453700E21D0E /* Preview Assets.xcassets */ = {isa = PBXFileReference; lastKnownFileType = folder.assetcatalog; path = "Preview Assets.xcassets"; sourceTree = "<group>"; };
		7C5FBB032AFCA00100E21D0E /* UIColor+Extention.swift */ = {isa = PBXFileReference; lastKnownFileType = sourcecode.swift; path = "UIColor+Extention.swift"; sourceTree = "<group>"; };
		7C5FBB052AFCA2F400E21D0E /* YSDisplay-Bold.ttf */ = {isa = PBXFileReference; lastKnownFileType = file; path = "YSDisplay-Bold.ttf"; sourceTree = "<group>"; };
		7C5FBB062AFCA2F400E21D0E /* YSDisplay-Medium.ttf */ = {isa = PBXFileReference; lastKnownFileType = file; path = "YSDisplay-Medium.ttf"; sourceTree = "<group>"; };
		7C5FBB092AFCA3EE00E21D0E /* swift-ui-learning-Info.plist */ = {isa = PBXFileReference; lastKnownFileType = text.plist; path = "swift-ui-learning-Info.plist"; sourceTree = SOURCE_ROOT; };
/* End PBXFileReference section */

/* Begin PBXFrameworksBuildPhase section */
		7C5FBAEF2AFB453400E21D0E /* Frameworks */ = {
			isa = PBXFrameworksBuildPhase;
			buildActionMask = 2147483647;
			files = (
			);
			runOnlyForDeploymentPostprocessing = 0;
		};
/* End PBXFrameworksBuildPhase section */

/* Begin PBXGroup section */
		7C5FBAE92AFB453400E21D0E = {
			isa = PBXGroup;
			children = (
				7C5FBAF42AFB453400E21D0E /* swift_ui_learning */,
				7C5FBAF32AFB453400E21D0E /* Products */,
			);
			sourceTree = "<group>";
		};
		7C5FBAF32AFB453400E21D0E /* Products */ = {
			isa = PBXGroup;
			children = (
				7C5FBAF22AFB453400E21D0E /* swift_ui_learning.app */,
			);
			name = Products;
			sourceTree = "<group>";
		};
		7C5FBAF42AFB453400E21D0E /* swift_ui_learning */ = {
			isa = PBXGroup;
			children = (
				7C5FBB092AFCA3EE00E21D0E /* swift-ui-learning-Info.plist */,
				7C5FBAF52AFB453400E21D0E /* swift_ui_learningApp.swift */,
				7C5FBB032AFCA00100E21D0E /* UIColor+Extention.swift */,
				7C5FBAF72AFB453400E21D0E /* ContentView.swift */,
				7C5FBAF92AFB453700E21D0E /* Assets.xcassets */,
				7C5FBB052AFCA2F400E21D0E /* YSDisplay-Bold.ttf */,
				7C5FBB062AFCA2F400E21D0E /* YSDisplay-Medium.ttf */,
				7C5FBAFB2AFB453700E21D0E /* Preview Content */,
			);
			path = swift_ui_learning;
			sourceTree = "<group>";
		};
		7C5FBAFB2AFB453700E21D0E /* Preview Content */ = {
			isa = PBXGroup;
			children = (
				7C5FBAFC2AFB453700E21D0E /* Preview Assets.xcassets */,
			);
			path = "Preview Content";
			sourceTree = "<group>";
		};
/* End PBXGroup section */

/* Begin PBXNativeTarget section */
		7C5FBAF12AFB453400E21D0E /* swift_ui_learning */ = {
			isa = PBXNativeTarget;
			buildConfigurationList = 7C5FBB002AFB453700E21D0E /* Build configuration list for PBXNativeTarget "swift_ui_learning" */;
			buildPhases = (
				7C5FBAEE2AFB453400E21D0E /* Sources */,
				7C5FBAEF2AFB453400E21D0E /* Frameworks */,
				7C5FBAF02AFB453400E21D0E /* Resources */,
			);
			buildRules = (
			);
			dependencies = (
			);
			name = swift_ui_learning;
			productName = swift_ui_learning;
			productReference = 7C5FBAF22AFB453400E21D0E /* swift_ui_learning.app */;
			productType = "com.apple.product-type.application";
		};
/* End PBXNativeTarget section */

/* Begin PBXProject section */
		7C5FBAEA2AFB453400E21D0E /* Project object */ = {
			isa = PBXProject;
			attributes = {
				BuildIndependentTargetsInParallel = 1;
				LastSwiftUpdateCheck = 1400;
				LastUpgradeCheck = 1400;
				TargetAttributes = {
					7C5FBAF12AFB453400E21D0E = {
						CreatedOnToolsVersion = 14.0;
					};
				};
			};
			buildConfigurationList = 7C5FBAED2AFB453400E21D0E /* Build configuration list for PBXProject "swift_ui_learning" */;
			compatibilityVersion = "Xcode 14.0";
			developmentRegion = en;
			hasScannedForEncodings = 0;
			knownRegions = (
				en,
				Base,
			);
			mainGroup = 7C5FBAE92AFB453400E21D0E;
			productRefGroup = 7C5FBAF32AFB453400E21D0E /* Products */;
			projectDirPath = "";
			projectRoot = "";
			targets = (
				7C5FBAF12AFB453400E21D0E /* swift_ui_learning */,
			);
		};
/* End PBXProject section */

/* Begin PBXResourcesBuildPhase section */
		7C5FBAF02AFB453400E21D0E /* Resources */ = {
			isa = PBXResourcesBuildPhase;
			buildActionMask = 2147483647;
			files = (
				7C5FBAFD2AFB453700E21D0E /* Preview Assets.xcassets in Resources */,
				7C5FBB082AFCA2F400E21D0E /* YSDisplay-Medium.ttf in Resources */,
				7C5FBB072AFCA2F400E21D0E /* YSDisplay-Bold.ttf in Resources */,
				7C5FBAFA2AFB453700E21D0E /* Assets.xcassets in Resources */,
			);
			runOnlyForDeploymentPostprocessing = 0;
		};
/* End PBXResourcesBuildPhase section */

/* Begin PBXSourcesBuildPhase section */
		7C5FBAEE2AFB453400E21D0E /* Sources */ = {
			isa = PBXSourcesBuildPhase;
			buildActionMask = 2147483647;
			files = (
				7C5FBB042AFCA00100E21D0E /* UIColor+Extention.swift in Sources */,
				7C5FBAF82AFB453400E21D0E /* ContentView.swift in Sources */,
				7C5FBAF62AFB453400E21D0E /* swift_ui_learningApp.swift in Sources */,
			);
			runOnlyForDeploymentPostprocessing = 0;
		};
/* End PBXSourcesBuildPhase section */

/* Begin XCBuildConfiguration section */
		7C5FBAFE2AFB453700E21D0E /* Debug */ = {
			isa = XCBuildConfiguration;
			buildSettings = {
				ALWAYS_SEARCH_USER_PATHS = NO;
				CLANG_ANALYZER_NONNULL = YES;
				CLANG_ANALYZER_NUMBER_OBJECT_CONVERSION = YES_AGGRESSIVE;
				CLANG_CXX_LANGUAGE_STANDARD = "gnu++20";
				CLANG_ENABLE_MODULES = YES;
				CLANG_ENABLE_OBJC_ARC = YES;
				CLANG_ENABLE_OBJC_WEAK = YES;
				CLANG_WARN_BLOCK_CAPTURE_AUTORELEASING = YES;
				CLANG_WARN_BOOL_CONVERSION = YES;
				CLANG_WARN_COMMA = YES;
				CLANG_WARN_CONSTANT_CONVERSION = YES;
				CLANG_WARN_DEPRECATED_OBJC_IMPLEMENTATIONS = YES;
				CLANG_WARN_DIRECT_OBJC_ISA_USAGE = YES_ERROR;
				CLANG_WARN_DOCUMENTATION_COMMENTS = YES;
				CLANG_WARN_EMPTY_BODY = YES;
				CLANG_WARN_ENUM_CONVERSION = YES;
				CLANG_WARN_INFINITE_RECURSION = YES;
				CLANG_WARN_INT_CONVERSION = YES;
				CLANG_WARN_NON_LITERAL_NULL_CONVERSION = YES;
				CLANG_WARN_OBJC_IMPLICIT_RETAIN_SELF = YES;
				CLANG_WARN_OBJC_LITERAL_CONVERSION = YES;
				CLANG_WARN_OBJC_ROOT_CLASS = YES_ERROR;
				CLANG_WARN_QUOTED_INCLUDE_IN_FRAMEWORK_HEADER = YES;
				CLANG_WARN_RANGE_LOOP_ANALYSIS = YES;
				CLANG_WARN_STRICT_PROTOTYPES = YES;
				CLANG_WARN_SUSPICIOUS_MOVE = YES;
				CLANG_WARN_UNGUARDED_AVAILABILITY = YES_AGGRESSIVE;
				CLANG_WARN_UNREACHABLE_CODE = YES;
				CLANG_WARN__DUPLICATE_METHOD_MATCH = YES;
				COPY_PHASE_STRIP = NO;
				DEBUG_INFORMATION_FORMAT = dwarf;
				ENABLE_STRICT_OBJC_MSGSEND = YES;
				ENABLE_TESTABILITY = YES;
				GCC_C_LANGUAGE_STANDARD = gnu11;
				GCC_DYNAMIC_NO_PIC = NO;
				GCC_NO_COMMON_BLOCKS = YES;
				GCC_OPTIMIZATION_LEVEL = 0;
				GCC_PREPROCESSOR_DEFINITIONS = (
					"DEBUG=1",
					"$(inherited)",
				);
				GCC_WARN_64_TO_32_BIT_CONVERSION = YES;
				GCC_WARN_ABOUT_RETURN_TYPE = YES_ERROR;
				GCC_WARN_UNDECLARED_SELECTOR = YES;
				GCC_WARN_UNINITIALIZED_AUTOS = YES_AGGRESSIVE;
				GCC_WARN_UNUSED_FUNCTION = YES;
				GCC_WARN_UNUSED_VARIABLE = YES;
				IPHONEOS_DEPLOYMENT_TARGET = 16.0;
				MTL_ENABLE_DEBUG_INFO = INCLUDE_SOURCE;
				MTL_FAST_MATH = YES;
				ONLY_ACTIVE_ARCH = YES;
				SDKROOT = iphoneos;
				SWIFT_ACTIVE_COMPILATION_CONDITIONS = DEBUG;
				SWIFT_OPTIMIZATION_LEVEL = "-Onone";
			};
			name = Debug;
		};
		7C5FBAFF2AFB453700E21D0E /* Release */ = {
			isa = XCBuildConfiguration;
			buildSettings = {
				ALWAYS_SEARCH_USER_PATHS = NO;
				CLANG_ANALYZER_NONNULL = YES;
				CLANG_ANALYZER_NUMBER_OBJECT_CONVERSION = YES_AGGRESSIVE;
				CLANG_CXX_LANGUAGE_STANDARD = "gnu++20";
				CLANG_ENABLE_MODULES = YES;
				CLANG_ENABLE_OBJC_ARC = YES;
				CLANG_ENABLE_OBJC_WEAK = YES;
				CLANG_WARN_BLOCK_CAPTURE_AUTORELEASING = YES;
				CLANG_WARN_BOOL_CONVERSION = YES;
				CLANG_WARN_COMMA = YES;
				CLANG_WARN_CONSTANT_CONVERSION = YES;
				CLANG_WARN_DEPRECATED_OBJC_IMPLEMENTATIONS = YES;
				CLANG_WARN_DIRECT_OBJC_ISA_USAGE = YES_ERROR;
				CLANG_WARN_DOCUMENTATION_COMMENTS = YES;
				CLANG_WARN_EMPTY_BODY = YES;
				CLANG_WARN_ENUM_CONVERSION = YES;
				CLANG_WARN_INFINITE_RECURSION = YES;
				CLANG_WARN_INT_CONVERSION = YES;
				CLANG_WARN_NON_LITERAL_NULL_CONVERSION = YES;
				CLANG_WARN_OBJC_IMPLICIT_RETAIN_SELF = YES;
				CLANG_WARN_OBJC_LITERAL_CONVERSION = YES;
				CLANG_WARN_OBJC_ROOT_CLASS = YES_ERROR;
				CLANG_WARN_QUOTED_INCLUDE_IN_FRAMEWORK_HEADER = YES;
				CLANG_WARN_RANGE_LOOP_ANALYSIS = YES;
				CLANG_WARN_STRICT_PROTOTYPES = YES;
				CLANG_WARN_SUSPICIOUS_MOVE = YES;
				CLANG_WARN_UNGUARDED_AVAILABILITY = YES_AGGRESSIVE;
				CLANG_WARN_UNREACHABLE_CODE = YES;
				CLANG_WARN__DUPLICATE_METHOD_MATCH = YES;
				COPY_PHASE_STRIP = NO;
				DEBUG_INFORMATION_FORMAT = "dwarf-with-dsym";
				ENABLE_NS_ASSERTIONS = NO;
				ENABLE_STRICT_OBJC_MSGSEND = YES;
				GCC_C_LANGUAGE_STANDARD = gnu11;
				GCC_NO_COMMON_BLOCKS = YES;
				GCC_WARN_64_TO_32_BIT_CONVERSION = YES;
				GCC_WARN_ABOUT_RETURN_TYPE = YES_ERROR;
				GCC_WARN_UNDECLARED_SELECTOR = YES;
				GCC_WARN_UNINITIALIZED_AUTOS = YES_AGGRESSIVE;
				GCC_WARN_UNUSED_FUNCTION = YES;
				GCC_WARN_UNUSED_VARIABLE = YES;
				IPHONEOS_DEPLOYMENT_TARGET = 16.0;
				MTL_ENABLE_DEBUG_INFO = NO;
				MTL_FAST_MATH = YES;
				SDKROOT = iphoneos;
				SWIFT_COMPILATION_MODE = wholemodule;
				SWIFT_OPTIMIZATION_LEVEL = "-O";
				VALIDATE_PRODUCT = YES;
			};
			name = Release;
		};
		7C5FBB012AFB453700E21D0E /* Debug */ = {
			isa = XCBuildConfiguration;
			buildSettings = {
				ASSETCATALOG_COMPILER_APPICON_NAME = AppIcon;
				ASSETCATALOG_COMPILER_GLOBAL_ACCENT_COLOR_NAME = AccentColor;
				CODE_SIGN_STYLE = Automatic;
				CURRENT_PROJECT_VERSION = 1;
				DEVELOPMENT_ASSET_PATHS = "\"swift_ui_learning/Preview Content\"";
				DEVELOPMENT_TEAM = WTG2YTFRGL;
				ENABLE_PREVIEWS = YES;
				GENERATE_INFOPLIST_FILE = YES;
				INFOPLIST_FILE = "swift-ui-learning-Info.plist";
				INFOPLIST_KEY_UIApplicationSceneManifest_Generation = YES;
				INFOPLIST_KEY_UIApplicationSupportsIndirectInputEvents = YES;
				INFOPLIST_KEY_UILaunchScreen_Generation = YES;
				INFOPLIST_KEY_UISupportedInterfaceOrientations_iPad = "UIInterfaceOrientationPortrait UIInterfaceOrientationPortraitUpsideDown UIInterfaceOrientationLandscapeLeft UIInterfaceOrientationLandscapeRight";
				INFOPLIST_KEY_UISupportedInterfaceOrientations_iPhone = "UIInterfaceOrientationPortrait UIInterfaceOrientationLandscapeLeft UIInterfaceOrientationLandscapeRight";
				LD_RUNPATH_SEARCH_PATHS = (
					"$(inherited)",
					"@executable_path/Frameworks",
				);
				MARKETING_VERSION = 1.0;
				PRODUCT_BUNDLE_IDENTIFIER = "com.kalmahik.sui.swift-ui-learning";
				PRODUCT_NAME = "$(TARGET_NAME)";
				SWIFT_EMIT_LOC_STRINGS = YES;
				SWIFT_VERSION = 5.0;
				TARGETED_DEVICE_FAMILY = "1,2";
			};
			name = Debug;
		};
		7C5FBB022AFB453700E21D0E /* Release */ = {
			isa = XCBuildConfiguration;
			buildSettings = {
				ASSETCATALOG_COMPILER_APPICON_NAME = AppIcon;
				ASSETCATALOG_COMPILER_GLOBAL_ACCENT_COLOR_NAME = AccentColor;
				CODE_SIGN_STYLE = Automatic;
				CURRENT_PROJECT_VERSION = 1;
				DEVELOPMENT_ASSET_PATHS = "\"swift_ui_learning/Preview Content\"";
				DEVELOPMENT_TEAM = WTG2YTFRGL;
				ENABLE_PREVIEWS = YES;
				GENERATE_INFOPLIST_FILE = YES;
				INFOPLIST_FILE = "swift-ui-learning-Info.plist";
				INFOPLIST_KEY_UIApplicationSceneManifest_Generation = YES;
				INFOPLIST_KEY_UIApplicationSupportsIndirectInputEvents = YES;
				INFOPLIST_KEY_UILaunchScreen_Generation = YES;
				INFOPLIST_KEY_UISupportedInterfaceOrientations_iPad = "UIInterfaceOrientationPortrait UIInterfaceOrientationPortraitUpsideDown UIInterfaceOrientationLandscapeLeft UIInterfaceOrientationLandscapeRight";
				INFOPLIST_KEY_UISupportedInterfaceOrientations_iPhone = "UIInterfaceOrientationPortrait UIInterfaceOrientationLandscapeLeft UIInterfaceOrientationLandscapeRight";
				LD_RUNPATH_SEARCH_PATHS = (
					"$(inherited)",
					"@executable_path/Frameworks",
				);
				MARKETING_VERSION = 1.0;
				PRODUCT_BUNDLE_IDENTIFIER = "com.kalmahik.sui.swift-ui-learning";
				PRODUCT_NAME = "$(TARGET_NAME)";
				SWIFT_EMIT_LOC_STRINGS = YES;
				SWIFT_VERSION = 5.0;
				TARGETED_DEVICE_FAMILY = "1,2";
			};
			name = Release;
		};
/* End XCBuildConfiguration section */

/* Begin XCConfigurationList section */
		7C5FBAED2AFB453400E21D0E /* Build configuration list for PBXProject "swift_ui_learning" */ = {
			isa = XCConfigurationList;
			buildConfigurations = (
				7C5FBAFE2AFB453700E21D0E /* Debug */,
				7C5FBAFF2AFB453700E21D0E /* Release */,
			);
			defaultConfigurationIsVisible = 0;
			defaultConfigurationName = Release;
		};
		7C5FBB002AFB453700E21D0E /* Build configuration list for PBXNativeTarget "swift_ui_learning" */ = {
			isa = XCConfigurationList;
			buildConfigurations = (
				7C5FBB012AFB453700E21D0E /* Debug */,
				7C5FBB022AFB453700E21D0E /* Release */,
			);
			defaultConfigurationIsVisible = 0;
			defaultConfigurationName = Release;
		};
/* End XCConfigurationList section */
	};
	rootObject = 7C5FBAEA2AFB453400E21D0E /* Project object */;
}
